# This file is autogenerated, do not edit; changes may be undone by the next 'dep ensure'.


[[projects]]
  branch = "master"
  digest = "1:91dc33da5abcf542dd61ab9dae6fd800b7dca84595d0dd14d7b7c11926cbdf9a"
  name = "github.com/Al2Klimov/go-gen-source-repos"
  packages = ["."]
  pruneopts = "UT"
  revision = "ed8c49be1cc795dcbfb1be2c95514aa304461ab2"

[[projects]]
  digest = "1:c065e3bef68c711c5033e82c868373848ac1cf83de687ce1e0ed0f45771260bb"
  name = "github.com/Al2Klimov/go-monplug-utils"
  packages = ["."]
  pruneopts = "UT"
  revision = "37501b5dec90e1801b85e647a2b6c2f5ef553dc0"
  version = "v0.2"

[[projects]]
  branch = "master"
  digest = "1:bbe51412d9915d64ffaa96b51d409e070665efc5194fcf145c4a27d4133107a4"
  name = "golang.org/x/crypto"
  packages = ["ssh/terminal"]
  pruneopts = "UT"
  revision = "227b76d455e791cb042b03e633e2f7fbcfdf74a5"

[[projects]]
  branch = "master"
  digest = "1:b81809747cfe3b745ecbb83859f2ac3566170d5a67aa96c458aa0afeefd93200"
  name = "golang.org/x/sys"
  packages = [
    "unix",
    "windows",
  ]
  pruneopts = "UT"
  revision = "c3b328c6e5a763a2bfc82a48b4bd855037210934"

[solve-meta]
  analyzer-name = "dep"
  analyzer-version = 1
  input-imports = [
    "github.com/Al2Klimov/go-gen-source-repos",
    "github.com/Al2Klimov/go-monplug-utils",
  ]
  solver-name = "gps-cdcl"
  solver-version = 1
